Microsoft Visual Studio Solution File, Format Version 12.00
# Visual Studio 15
VisualStudioVersion = 15.0.26430.6
MinimumVisualStudioVersion = 10.0.40219.1
Project("{FAE04EC0-301F-11D3-BF4B-00C04F79EFBC}") = "Akka.Monitoring.Datadog", "src\Akka.Monitoring.Datadog\Akka.Monitoring.Datadog.csproj", "{AFCE9761-57F9-4781-B445-C06F81BBB151}"
EndProject
Project("{FAE04EC0-301F-11D3-BF4B-00C04F79EFBC}") = "Akka.Monitoring.Datadog.Tests", "tests\Akka.Monitoring.Datadog.Tests\Akka.Monitoring.Datadog.Tests.csproj", "{8F4A3908-E5CF-4C78-BFDF-DC8CFE9337F0}"
EndProject
Project("{FAE04EC0-301F-11D3-BF4B-00C04F79EFBC}") = "Akka.Monitoring.Datadog.Demo", "samples\Akka.Monitoring.Datadog.Demo\Akka.Monitoring.Datadog.Demo.csproj", "{1EDD4C60-84E6-4E68-9F27-9172BCA93502}"
EndProject
Global
	GlobalSection(SolutionConfigurationPlatforms) = preSolution
		Debug|Any CPU = Debug|Any CPU
		Release|Any CPU = Release|Any CPU
	EndGlobalSection
	GlobalSection(ProjectConfigurationPlatforms) = postSolution
		{AFCE9761-57F9-4781-B445-C06F81BBB151}.Debug|Any CPU.ActiveCfg = Debug|Any CPU
		{AFCE9761-57F9-4781-B445-C06F81BBB151}.Debug|Any CPU.Build.0 = Debug|Any CPU
		{AFCE9761-57F9-4781-B445-C06F81BBB151}.Release|Any CPU.ActiveCfg = Release|Any CPU
		{AFCE9761-57F9-4781-B445-C06F81BBB151}.Release|Any CPU.Build.0 = Release|Any CPU
		{8F4A3908-E5CF-4C78-BFDF-DC8CFE9337F0}.Debug|Any CPU.ActiveCfg = Debug|Any CPU
		{8F4A3908-E5CF-4C78-BFDF-DC8CFE9337F0}.Debug|Any CPU.Build.0 = Debug|Any CPU
		{8F4A3908-E5CF-4C78-BFDF-DC8CFE9337F0}.Release|Any CPU.ActiveCfg = Release|Any CPU
		{8F4A3908-E5CF-4C78-BFDF-DC8CFE9337F0}.Release|Any CPU.Build.0 = Release|Any CPU
		{1EDD4C60-84E6-4E68-9F27-9172BCA93502}.Debug|Any CPU.ActiveCfg = Debug|Any CPU
		{1EDD4C60-84E6-4E68-9F27-9172BCA93502}.Debug|Any CPU.Build.0 = Debug|Any CPU
		{1EDD4C60-84E6-4E68-9F27-9172BCA93502}.Release|Any CPU.ActiveCfg = Release|Any CPU
		{1EDD4C60-84E6-4E68-9F27-9172BCA93502}.Release|Any CPU.Build.0 = Release|Any CPU
	EndGlobalSection
	GlobalSection(SolutionProperties) = preSolution
		HideSolutionNode = FALSE
	EndGlobalSection
EndGlobal
